
Microsoft Visual Studio Solution File, Format Version 12.00
# Visual Studio Version 17
VisualStudioVersion = 17.9.34701.34
MinimumVisualStudioVersion = 10.0.40219.1
Project("{FAE04EC0-301F-11D3-BF4B-00C04F79EFBC}") = "State", "State\State.csproj", "{3DBDF85C-D992-45F2-87CB-04891E9838F8}"
EndProject
Global
	GlobalSection(SolutionConfigurationPlatforms) = preSolution
		Debug|Any CPU = Debug|Any CPU
		Release|Any CPU = Release|Any CPU
	EndGlobalSection
	GlobalSection(ProjectConfigurationPlatforms) = postSolution
		{3DBDF85C-D992-45F2-87CB-04891E9838F8}.Debug|Any CPU.ActiveCfg = Debug|Any CPU
		{3DBDF85C-D992-45F2-87CB-04891E9838F8}.Debug|Any CPU.Build.0 = Debug|Any CPU
		{3DBDF85C-D992-45F2-87CB-04891E9838F8}.Release|Any CPU.ActiveCfg = Release|Any CPU
		{3DBDF85C-D992-45F2-87CB-04891E9838F8}.Release|Any CPU.Build.0 = Release|Any CPU
	EndGlobalSection
	GlobalSection(SolutionProperties) = preSolution
		HideSolutionNode = FALSE
	EndGlobalSection
	GlobalSection(ExtensibilityGlobals) = postSolution
		SolutionGuid = {78E602CB-246D-46E3-8E5F-EA2F6A247C06}
	EndGlobalSection
EndGlobal
