
Microsoft Visual Studio Solution File, Format Version 12.00
# Visual Studio Version 17
VisualStudioVersion = 17.9.34701.34
MinimumVisualStudioVersion = 10.0.40219.1
Project("{FAE04EC0-301F-11D3-BF4B-00C04F79EFBC}") = "Asynchronous Method Invocation", "Asynchronous Method Invocation\Asynchronous Method Invocation.csproj", "{13D93D86-AAD4-46BF-8351-C1E1B1E3599F}"
EndProject
Global
	GlobalSection(SolutionConfigurationPlatforms) = preSolution
		Debug|Any CPU = Debug|Any CPU
		Release|Any CPU = Release|Any CPU
	EndGlobalSection
	GlobalSection(ProjectConfigurationPlatforms) = postSolution
		{13D93D86-AAD4-46BF-8351-C1E1B1E3599F}.Debug|Any CPU.ActiveCfg = Debug|Any CPU
		{13D93D86-AAD4-46BF-8351-C1E1B1E3599F}.Debug|Any CPU.Build.0 = Debug|Any CPU
		{13D93D86-AAD4-46BF-8351-C1E1B1E3599F}.Release|Any CPU.ActiveCfg = Release|Any CPU
		{13D93D86-AAD4-46BF-8351-C1E1B1E3599F}.Release|Any CPU.Build.0 = Release|Any CPU
	EndGlobalSection
	GlobalSection(SolutionProperties) = preSolution
		HideSolutionNode = FALSE
	EndGlobalSection
	GlobalSection(ExtensibilityGlobals) = postSolution
		SolutionGuid = {D88C3F03-0973-4176-9A0E-EBB26561DFB5}
	EndGlobalSection
EndGlobal
